// !$*UTF8*$!
{
	archiveVersion = 1;
	classes = {
	};
	objectVersion = 46;
	objects = {

/* Begin PBXBuildFile section */
		B30F768B1EC9AD8800FD1F48 /* Frame.swift in Sources */ = {isa = PBXBuildFile; fileRef = B30F768A1EC9AD8800FD1F48 /* Frame.swift */; };
		B31CD43F1ECAD0B80070E8C9 /* Global.swift in Sources */ = {isa = PBXBuildFile; fileRef = B31CD43E1ECAD0B80070E8C9 /* Global.swift */; };
		B31CD4411ECB06C30070E8C9 /* GFPhotoLargeCell.swift in Sources */ = {isa = PBXBuildFile; fileRef = B31CD4401ECB06C30070E8C9 /* GFPhotoLargeCell.swift */; };
		B33E14F21EBC170C00501272 /* AppDelegate.swift in Sources */ = {isa = PBXBuildFile; fileRef = B33E14F11EBC170C00501272 /* AppDelegate.swift */; };
		B33E14F41EBC170C00501272 /* ViewController.swift in Sources */ = {isa = PBXBuildFile; fileRef = B33E14F31EBC170C00501272 /* ViewController.swift */; };
		B33E14F71EBC170C00501272 /* Main.storyboard in Resources */ = {isa = PBXBuildFile; fileRef = B33E14F51EBC170C00501272 /* Main.storyboard */; };
		B33E14F91EBC170C00501272 /* Assets.xcassets in Resources */ = {isa = PBXBuildFile; fileRef = B33E14F81EBC170C00501272 /* Assets.xcassets */; };
		B33E14FC1EBC170C00501272 /* LaunchScreen.storyboard in Resources */ = {isa = PBXBuildFile; fileRef = B33E14FA1EBC170C00501272 /* LaunchScreen.storyboard */; };
		B372D6ED1EC97BFF00CBE210 /* GFLargePhotoController.swift in Sources */ = {isa = PBXBuildFile; fileRef = B372D6EC1EC97BFF00CBE210 /* GFLargePhotoController.swift */; };
		B372D6EF1EC97C3300CBE210 /* GFPhotoAllController.swift in Sources */ = {isa = PBXBuildFile; fileRef = B372D6EE1EC97C3300CBE210 /* GFPhotoAllController.swift */; };
		B372D6F11EC9800300CBE210 /* GFAsset.swift in Sources */ = {isa = PBXBuildFile; fileRef = B372D6F01EC9800300CBE210 /* GFAsset.swift */; };
		B3A0F4BA1EBC582E004EF93C /* GFPhotoNormalCell.swift in Sources */ = {isa = PBXBuildFile; fileRef = B3A0F4B91EBC582E004EF93C /* GFPhotoNormalCell.swift */; };
/* End PBXBuildFile section */

/* Begin PBXFileReference section */
		B30F768A1EC9AD8800FD1F48 /* Frame.swift */ = {isa = PBXFileReference; fileEncoding = 4; lastKnownFileType = sourcecode.swift; path = Frame.swift; sourceTree = "<group>"; };
		B31CD43E1ECAD0B80070E8C9 /* Global.swift */ = {isa = PBXFileReference; fileEncoding = 4; lastKnownFileType = sourcecode.swift; path = Global.swift; sourceTree = "<group>"; };
		B31CD4401ECB06C30070E8C9 /* GFPhotoLargeCell.swift */ = {isa = PBXFileReference; fileEncoding = 4; lastKnownFileType = sourcecode.swift; path = GFPhotoLargeCell.swift; sourceTree = "<group>"; };
		B33E14EE1EBC170C00501272 /* CustomPhoneAlum.app */ = {isa = PBXFileReference; explicitFileType = wrapper.application; includeInIndex = 0; path = CustomPhoneAlum.app; sourceTree = BUILT_PRODUCTS_DIR; };
		B33E14F11EBC170C00501272 /* AppDelegate.swift */ = {isa = PBXFileReference; lastKnownFileType = sourcecode.swift; path = AppDelegate.swift; sourceTree = "<group>"; };
		B33E14F31EBC170C00501272 /* ViewController.swift */ = {isa = PBXFileReference; lastKnownFileType = sourcecode.swift; path = ViewController.swift; sourceTree = "<group>"; };
		B33E14F61EBC170C00501272 /* Base */ = {isa = PBXFileReference; lastKnownFileType = file.storyboard; name = Base; path = Base.lproj/Main.storyboard; sourceTree = "<group>"; };
		B33E14F81EBC170C00501272 /* Assets.xcassets */ = {isa = PBXFileReference; lastKnownFileType = folder.assetcatalog; path = Assets.xcassets; sourceTree = "<group>"; };
		B33E14FB1EBC170C00501272 /* Base */ = {isa = PBXFileReference; lastKnownFileType = file.storyboard; name = Base; path = Base.lproj/LaunchScreen.storyboard; sourceTree = "<group>"; };
		B33E14FD1EBC170C00501272 /* Info.plist */ = {isa = PBXFileReference; lastKnownFileType = text.plist.xml; path = Info.plist; sourceTree = "<group>"; };
		B33E15091EBC1A7700501272 /* AssetsLibrary.framework */ = {isa = PBXFileReference; lastKnownFileType = wrapper.framework; name = AssetsLibrary.framework; path = System/Library/Frameworks/AssetsLibrary.framework; sourceTree = SDKROOT; };
		B33E150B1EBC1EB100501272 /* Photos.framework */ = {isa = PBXFileReference; lastKnownFileType = wrapper.framework; name = Photos.framework; path = System/Library/Frameworks/Photos.framework; sourceTree = SDKROOT; };
		B372D6EC1EC97BFF00CBE210 /* GFLargePhotoController.swift */ = {isa = PBXFileReference; fileEncoding = 4; lastKnownFileType = sourcecode.swift; path = GFLargePhotoController.swift; sourceTree = "<group>"; };
		B372D6EE1EC97C3300CBE210 /* GFPhotoAllController.swift */ = {isa = PBXFileReference; fileEncoding = 4; lastKnownFileType = sourcecode.swift; path = GFPhotoAllController.swift; sourceTree = "<group>"; };
		B372D6F01EC9800300CBE210 /* GFAsset.swift */ = {isa = PBXFileReference; fileEncoding = 4; lastKnownFileType = sourcecode.swift; path = GFAsset.swift; sourceTree = "<group>"; };
		B3A0F4B91EBC582E004EF93C /* GFPhotoNormalCell.swift */ = {isa = PBXFileReference; fileEncoding = 4; lastKnownFileType = sourcecode.swift; path = GFPhotoNormalCell.swift; sourceTree = "<group>"; };
/* End PBXFileReference section */

/* Begin PBXFrameworksBuildPhase section */
		B33E14EB1EBC170C00501272 /* Frameworks */ = {
			isa = PBXFrameworksBuildPhase;
			buildActionMask = 2147483647;
			files = (
			);
			runOnlyForDeploymentPostprocessing = 0;
		};
/* End PBXFrameworksBuildPhase section */

/* Begin PBXGroup section */
		B33E14E51EBC170C00501272 = {
			isa = PBXGroup;
			children = (
				B33E14F01EBC170C00501272 /* CustomPhoneAlum */,
				B33E14EF1EBC170C00501272 /* Products */,
				B33E15081EBC1A7700501272 /* Frameworks */,
			);
			sourceTree = "<group>";
		};
		B33E14EF1EBC170C00501272 /* Products */ = {
			isa = PBXGroup;
			children = (
				B33E14EE1EBC170C00501272 /* CustomPhoneAlum.app */,
			);
			name = Products;
			sourceTree = "<group>";
		};
		B33E14F01EBC170C00501272 /* CustomPhoneAlum */ = {
			isa = PBXGroup;
			children = (
				B33E15051EBC198400501272 /* GFPhoneAlum */,
				B33E14F11EBC170C00501272 /* AppDelegate.swift */,
				B33E14F31EBC170C00501272 /* ViewController.swift */,
				B33E14F51EBC170C00501272 /* Main.storyboard */,
				B33E14F81EBC170C00501272 /* Assets.xcassets */,
				B33E14FA1EBC170C00501272 /* LaunchScreen.storyboard */,
				B33E14FD1EBC170C00501272 /* Info.plist */,
			);
			path = CustomPhoneAlum;
			sourceTree = "<group>";
		};
		B33E15051EBC198400501272 /* GFPhoneAlum */ = {
			isa = PBXGroup;
			children = (
				B372D6EE1EC97C3300CBE210 /* GFPhotoAllController.swift */,
				B372D6EC1EC97BFF00CBE210 /* GFLargePhotoController.swift */,
				B372D6F01EC9800300CBE210 /* GFAsset.swift */,
				B3A0F4B91EBC582E004EF93C /* GFPhotoNormalCell.swift */,
				B30F768A1EC9AD8800FD1F48 /* Frame.swift */,
				B31CD43E1ECAD0B80070E8C9 /* Global.swift */,
				B31CD4401ECB06C30070E8C9 /* GFPhotoLargeCell.swift */,
			);
			path = GFPhoneAlum;
			sourceTree = "<group>";
		};
		B33E15081EBC1A7700501272 /* Frameworks */ = {
			isa = PBXGroup;
			children = (
				B33E150B1EBC1EB100501272 /* Photos.framework */,
				B33E15091EBC1A7700501272 /* AssetsLibrary.framework */,
			);
			name = Frameworks;
			sourceTree = "<group>";
		};
/* End PBXGroup section */

/* Begin PBXNativeTarget section */
		B33E14ED1EBC170C00501272 /* CustomPhoneAlum */ = {
			isa = PBXNativeTarget;
			buildConfigurationList = B33E15001EBC170C00501272 /* Build configuration list for PBXNativeTarget "CustomPhoneAlum" */;
			buildPhases = (
				B33E14EA1EBC170C00501272 /* Sources */,
				B33E14EB1EBC170C00501272 /* Frameworks */,
				B33E14EC1EBC170C00501272 /* Resources */,
			);
			buildRules = (
			);
			dependencies = (
			);
			name = CustomPhoneAlum;
			productName = CustomPhoneAlum;
			productReference = B33E14EE1EBC170C00501272 /* CustomPhoneAlum.app */;
			productType = "com.apple.product-type.application";
		};
/* End PBXNativeTarget section */

/* Begin PBXProject section */
		B33E14E61EBC170C00501272 /* Project object */ = {
			isa = PBXProject;
			attributes = {
				LastSwiftUpdateCheck = 0830;
				LastUpgradeCheck = 0830;
				ORGANIZATIONNAME = GofeyLee;
				TargetAttributes = {
					B33E14ED1EBC170C00501272 = {
						CreatedOnToolsVersion = 8.3.2;
						DevelopmentTeam = T7U5EL3U9U;
						LastSwiftMigration = 0830;
						ProvisioningStyle = Automatic;
					};
				};
			};
			buildConfigurationList = B33E14E91EBC170C00501272 /* Build configuration list for PBXProject "CustomPhoneAlum" */;
			compatibilityVersion = "Xcode 3.2";
			developmentRegion = English;
			hasScannedForEncodings = 0;
			knownRegions = (
				en,
				Base,
			);
			mainGroup = B33E14E51EBC170C00501272;
			productRefGroup = B33E14EF1EBC170C00501272 /* Products */;
			projectDirPath = "";
			projectRoot = "";
			targets = (
				B33E14ED1EBC170C00501272 /* CustomPhoneAlum */,
			);
		};
/* End PBXProject section */

/* Begin PBXResourcesBuildPhase section */
		B33E14EC1EBC170C00501272 /* Resources */ = {
			isa = PBXResourcesBuildPhase;
			buildActionMask = 2147483647;
			files = (
				B33E14FC1EBC170C00501272 /* LaunchScreen.storyboard in Resources */,
				B33E14F91EBC170C00501272 /* Assets.xcassets in Resources */,
				B33E14F71EBC170C00501272 /* Main.storyboard in Resources */,
			);
			runOnlyForDeploymentPostprocessing = 0;
		};
/* End PBXResourcesBuildPhase section */

/* Begin PBXSourcesBuildPhase section */
		B33E14EA1EBC170C00501272 /* Sources */ = {
			isa = PBXSourcesBuildPhase;
			buildActionMask = 2147483647;
			files = (
				B31CD43F1ECAD0B80070E8C9 /* Global.swift in Sources */,
				B372D6F11EC9800300CBE210 /* GFAsset.swift in Sources */,
				B33E14F41EBC170C00501272 /* ViewController.swift in Sources */,
				B30F768B1EC9AD8800FD1F48 /* Frame.swift in Sources */,
				B33E14F21EBC170C00501272 /* AppDelegate.swift in Sources */,
				B3A0F4BA1EBC582E004EF93C /* GFPhotoNormalCell.swift in Sources */,
				B31CD4411ECB06C30070E8C9 /* GFPhotoLargeCell.swift in Sources */,
				B372D6EF1EC97C3300CBE210 /* GFPhotoAllController.swift in Sources */,
				B372D6ED1EC97BFF00CBE210 /* GFLargePhotoController.swift in Sources */,
			);
			runOnlyForDeploymentPostprocessing = 0;
		};
/* End PBXSourcesBuildPhase section */

/* Begin PBXVariantGroup section */
		B33E14F51EBC170C00501272 /* Main.storyboard */ = {
			isa = PBXVariantGroup;
			children = (
				B33E14F61EBC170C00501272 /* Base */,
			);
			name = Main.storyboard;
			sourceTree = "<group>";
		};
		B33E14FA1EBC170C00501272 /* LaunchScreen.storyboard */ = {
			isa = PBXVariantGroup;
			children = (
				B33E14FB1EBC170C00501272 /* Base */,
			);
			name = LaunchScreen.storyboard;
			sourceTree = "<group>";
		};
/* End PBXVariantGroup section */

/* Begin XCBuildConfiguration section */
		B33E14FE1EBC170C00501272 /* Debug */ = {
			isa = XCBuildConfiguration;
			buildSettings = {
				ALWAYS_SEARCH_USER_PATHS = NO;
				CLANG_ANALYZER_NONNULL = YES;
				CLANG_ANALYZER_NUMBER_OBJECT_CONVERSION = YES_AGGRESSIVE;
				CLANG_CXX_LANGUAGE_STANDARD = "gnu++0x";
				CLANG_CXX_LIBRARY = "libc++";
				CLANG_ENABLE_MODULES = YES;
				CLANG_ENABLE_OBJC_ARC = YES;
				CLANG_WARN_BOOL_CONVERSION = YES;
				CLANG_WARN_CONSTANT_CONVERSION = YES;
				CLANG_WARN_DIRECT_OBJC_ISA_USAGE = YES_ERROR;
				CLANG_WARN_DOCUMENTATION_COMMENTS = YES;
				CLANG_WARN_EMPTY_BODY = YES;
				CLANG_WARN_ENUM_CONVERSION = YES;
				CLANG_WARN_INFINITE_RECURSION = YES;
				CLANG_WARN_INT_CONVERSION = YES;
				CLANG_WARN_OBJC_ROOT_CLASS = YES_ERROR;
				CLANG_WARN_SUSPICIOUS_MOVE = YES;
				CLANG_WARN_UNREACHABLE_CODE = YES;
				CLANG_WARN__DUPLICATE_METHOD_MATCH = YES;
				"CODE_SIGN_IDENTITY[sdk=iphoneos*]" = "iPhone Developer";
				COPY_PHASE_STRIP = NO;
				DEBUG_INFORMATION_FORMAT = dwarf;
				ENABLE_STRICT_OBJC_MSGSEND = YES;
				ENABLE_TESTABILITY = YES;
				GCC_C_LANGUAGE_STANDARD = gnu99;
				GCC_DYNAMIC_NO_PIC = NO;
				GCC_NO_COMMON_BLOCKS = YES;
				GCC_OPTIMIZATION_LEVEL = 0;
				GCC_PREPROCESSOR_DEFINITIONS = (
					"DEBUG=1",
					"$(inherited)",
				);
				GCC_WARN_64_TO_32_BIT_CONVERSION = YES;
				GCC_WARN_ABOUT_RETURN_TYPE = YES_ERROR;
				GCC_WARN_UNDECLARED_SELECTOR = YES;
				GCC_WARN_UNINITIALIZED_AUTOS = YES_AGGRESSIVE;
				GCC_WARN_UNUSED_FUNCTION = YES;
				GCC_WARN_UNUSED_VARIABLE = YES;
				IPHONEOS_DEPLOYMENT_TARGET = 10.3;
				MTL_ENABLE_DEBUG_INFO = YES;
				ONLY_ACTIVE_ARCH = YES;
				SDKROOT = iphoneos;
				SWIFT_ACTIVE_COMPILATION_CONDITIONS = DEBUG;
				SWIFT_OPTIMIZATION_LEVEL = "-Onone";
			};
			name = Debug;
		};
		B33E14FF1EBC170C00501272 /* Release */ = {
			isa = XCBuildConfiguration;
			buildSettings = {
				ALWAYS_SEARCH_USER_PATHS = NO;
				CLANG_ANALYZER_NONNULL = YES;
				CLANG_ANALYZER_NUMBER_OBJECT_CONVERSION = YES_AGGRESSIVE;
				CLANG_CXX_LANGUAGE_STANDARD = "gnu++0x";
				CLANG_CXX_LIBRARY = "libc++";
				CLANG_ENABLE_MODULES = YES;
				CLANG_ENABLE_OBJC_ARC = YES;
				CLANG_WARN_BOOL_CONVERSION = YES;
				CLANG_WARN_CONSTANT_CONVERSION = YES;
				CLANG_WARN_DIRECT_OBJC_ISA_USAGE = YES_ERROR;
				CLANG_WARN_DOCUMENTATION_COMMENTS = YES;
				CLANG_WARN_EMPTY_BODY = YES;
				CLANG_WARN_ENUM_CONVERSION = YES;
				CLANG_WARN_INFINITE_RECURSION = YES;
				CLANG_WARN_INT_CONVERSION = YES;
				CLANG_WARN_OBJC_ROOT_CLASS = YES_ERROR;
				CLANG_WARN_SUSPICIOUS_MOVE = YES;
				CLANG_WARN_UNREACHABLE_CODE = YES;
				CLANG_WARN__DUPLICATE_METHOD_MATCH = YES;
				"CODE_SIGN_IDENTITY[sdk=iphoneos*]" = "iPhone Developer";
				COPY_PHASE_STRIP = NO;
				DEBUG_INFORMATION_FORMAT = "dwarf-with-dsym";
				ENABLE_NS_ASSERTIONS = NO;
				ENABLE_STRICT_OBJC_MSGSEND = YES;
				GCC_C_LANGUAGE_STANDARD = gnu99;
				GCC_NO_COMMON_BLOCKS = YES;
				GCC_WARN_64_TO_32_BIT_CONVERSION = YES;
				GCC_WARN_ABOUT_RETURN_TYPE = YES_ERROR;
				GCC_WARN_UNDECLARED_SELECTOR = YES;
				GCC_WARN_UNINITIALIZED_AUTOS = YES_AGGRESSIVE;
				GCC_WARN_UNUSED_FUNCTION = YES;
				GCC_WARN_UNUSED_VARIABLE = YES;
				IPHONEOS_DEPLOYMENT_TARGET = 10.3;
				MTL_ENABLE_DEBUG_INFO = NO;
				SDKROOT = iphoneos;
				SWIFT_OPTIMIZATION_LEVEL = "-Owholemodule";
				VALIDATE_PRODUCT = YES;
			};
			name = Release;
		};
		B33E15011EBC170C00501272 /* Debug */ = {
			isa = XCBuildConfiguration;
			buildSettings = {
				ASSETCATALOG_COMPILER_APPICON_NAME = AppIcon;
				CLANG_ENABLE_MODULES = YES;
				DEVELOPMENT_TEAM = T7U5EL3U9U;
				INFOPLIST_FILE = CustomPhoneAlum/Info.plist;
				IPHONEOS_DEPLOYMENT_TARGET = 8.0;
				LD_RUNPATH_SEARCH_PATHS = "$(inherited) @executable_path/Frameworks";
				PRODUCT_BUNDLE_IDENTIFIER = GofeyLee.CustomPhoneAlum;
				PRODUCT_NAME = "$(TARGET_NAME)";
				SWIFT_OPTIMIZATION_LEVEL = "-Onone";
				SWIFT_VERSION = 3.0;
			};
			name = Debug;
		};
		B33E15021EBC170C00501272 /* Release */ = {
			isa = XCBuildConfiguration;
			buildSettings = {
				ASSETCATALOG_COMPILER_APPICON_NAME = AppIcon;
				CLANG_ENABLE_MODULES = YES;
				DEVELOPMENT_TEAM = T7U5EL3U9U;
				INFOPLIST_FILE = CustomPhoneAlum/Info.plist;
				IPHONEOS_DEPLOYMENT_TARGET = 8.0;
				LD_RUNPATH_SEARCH_PATHS = "$(inherited) @executable_path/Frameworks";
				PRODUCT_BUNDLE_IDENTIFIER = GofeyLee.CustomPhoneAlum;
				PRODUCT_NAME = "$(TARGET_NAME)";
				SWIFT_VERSION = 3.0;
			};
			name = Release;
		};
/* End XCBuildConfiguration section */

/* Begin XCConfigurationList section */
		B33E14E91EBC170C00501272 /* Build configuration list for PBXProject "CustomPhoneAlum" */ = {
			isa = XCConfigurationList;
			buildConfigurations = (
				B33E14FE1EBC170C00501272 /* Debug */,
				B33E14FF1EBC170C00501272 /* Release */,
			);
			defaultConfigurationIsVisible = 0;
			defaultConfigurationName = Release;
		};
		B33E15001EBC170C00501272 /* Build configuration list for PBXNativeTarget "CustomPhoneAlum" */ = {
			isa = XCConfigurationList;
			buildConfigurations = (
				B33E15011EBC170C00501272 /* Debug */,
				B33E15021EBC170C00501272 /* Release */,
			);
			defaultConfigurationIsVisible = 0;
			defaultConfigurationName = Release;
		};
/* End XCConfigurationList section */
	};
	rootObject = B33E14E61EBC170C00501272 /* Project object */;
}
